
Microsoft Visual Studio Solution File, Format Version 12.00
# Visual Studio Version 17
VisualStudioVersion = 17.14.36518.9
MinimumVisualStudioVersion = 10.0.40219.1
Project("{FAE04EC0-301F-11D3-BF4B-00C04F79EFBC}") = "ProjectManagerAPI", "ProjectManagerAPI\ProjectManagerAPI.csproj", "{1CCF1102-AC00-48A7-926E-79C3BE86C186}"
EndProject
Project("{E24C65DC-7377-472B-9ABA-BC803B73C61A}") = "ProjectManagerClient", "ProjectManagerAPI\ProjectManagerClient\", "{D27FFD2A-835E-6B86-2222-CB17D0C20F22}"
	ProjectSection(WebsiteProperties) = preProject
		TargetFrameworkMoniker = ".NETFramework,Version%3Dv4.8"
		Debug.AspNetCompiler.VirtualPath = "/localhost_63505"
		Debug.AspNetCompiler.PhysicalPath = "ProjectManagerAPI\ProjectManagerClient\"
		Debug.AspNetCompiler.TargetPath = "PrecompiledWeb\localhost_63505\"
		Debug.AspNetCompiler.Updateable = "true"
		Debug.AspNetCompiler.ForceOverwrite = "true"
		Debug.AspNetCompiler.FixedNames = "false"
		Debug.AspNetCompiler.Debug = "True"
		Release.AspNetCompiler.VirtualPath = "/localhost_63505"
		Release.AspNetCompiler.PhysicalPath = "ProjectManagerAPI\ProjectManagerClient\"
		Release.AspNetCompiler.TargetPath = "PrecompiledWeb\localhost_63505\"
		Release.AspNetCompiler.Updateable = "true"
		Release.AspNetCompiler.ForceOverwrite = "true"
		Release.AspNetCompiler.FixedNames = "false"
		Release.AspNetCompiler.Debug = "False"
		VWDPort = "63505"
		SlnRelativePath = "ProjectManagerAPI\ProjectManagerClient\"
	EndProjectSection
EndProject
Global
	GlobalSection(SolutionConfigurationPlatforms) = preSolution
		Debug|Any CPU = Debug|Any CPU
		Release|Any CPU = Release|Any CPU
	EndGlobalSection
	GlobalSection(ProjectConfigurationPlatforms) = postSolution
		{1CCF1102-AC00-48A7-926E-79C3BE86C186}.Debug|Any CPU.ActiveCfg = Debug|Any CPU
		{1CCF1102-AC00-48A7-926E-79C3BE86C186}.Debug|Any CPU.Build.0 = Debug|Any CPU
		{1CCF1102-AC00-48A7-926E-79C3BE86C186}.Release|Any CPU.ActiveCfg = Release|Any CPU
		{1CCF1102-AC00-48A7-926E-79C3BE86C186}.Release|Any CPU.Build.0 = Release|Any CPU
		{D27FFD2A-835E-6B86-2222-CB17D0C20F22}.Debug|Any CPU.ActiveCfg = Debug|Any CPU
		{D27FFD2A-835E-6B86-2222-CB17D0C20F22}.Debug|Any CPU.Build.0 = Debug|Any CPU
		{D27FFD2A-835E-6B86-2222-CB17D0C20F22}.Release|Any CPU.ActiveCfg = Debug|Any CPU
		{D27FFD2A-835E-6B86-2222-CB17D0C20F22}.Release|Any CPU.Build.0 = Debug|Any CPU
	EndGlobalSection
	GlobalSection(SolutionProperties) = preSolution
		HideSolutionNode = FALSE
	EndGlobalSection
	GlobalSection(ExtensibilityGlobals) = postSolution
		SolutionGuid = {E3B2B65D-C87D-4D82-9BB1-C268192EC411}
	EndGlobalSection
EndGlobal
